// !$*UTF8*$!
{
	archiveVersion = 1;
	classes = {
	};
	objectVersion = 56;
	objects = {

/* Begin PBXBuildFile section */
		21C48042D7EB492856AD7699 /* Pods_SkifTest.framework in Frameworks */ = {isa = PBXBuildFile; fileRef = 3D3F1D55E75915B5EF91E436 /* Pods_SkifTest.framework */; };
		F62C88E32B0CCE530009535F /* DarkColorScheme.json in Resources */ = {isa = PBXBuildFile; fileRef = F62C88E22B0CCD8A0009535F /* DarkColorScheme.json */; };
		F62C88E52B0CCE880009535F /* LightColorScheme.json in Resources */ = {isa = PBXBuildFile; fileRef = F62C88E42B0CCE720009535F /* LightColorScheme.json */; };
		F62C88E72B0CFB880009535F /* MarkerDataModel.swift in Sources */ = {isa = PBXBuildFile; fileRef = F62C88E62B0CFB880009535F /* MarkerDataModel.swift */; };
		F64571F62B0B5E350027A208 /* ViewModel.swift in Sources */ = {isa = PBXBuildFile; fileRef = F64571F52B0B5E350027A208 /* ViewModel.swift */; };
		F64571F82B0B5E3F0027A208 /* Model.swift in Sources */ = {isa = PBXBuildFile; fileRef = F64571F72B0B5E3F0027A208 /* Model.swift */; };
		F64571FA2B0B67A30027A208 /* GoogleMapsView.swift in Sources */ = {isa = PBXBuildFile; fileRef = F64571F92B0B67A30027A208 /* GoogleMapsView.swift */; };
		F64571FC2B0B70CB0027A208 /* BlurView.swift in Sources */ = {isa = PBXBuildFile; fileRef = F64571FB2B0B70CB0027A208 /* BlurView.swift */; };
		F6A5C2952B0B5CEE00219105 /* SkifTestApp.swift in Sources */ = {isa = PBXBuildFile; fileRef = F6A5C2942B0B5CEE00219105 /* SkifTestApp.swift */; };
		F6A5C2972B0B5CEE00219105 /* ContentView.swift in Sources */ = {isa = PBXBuildFile; fileRef = F6A5C2962B0B5CEE00219105 /* ContentView.swift */; };
		F6A5C2992B0B5CF000219105 /* Assets.xcassets in Resources */ = {isa = PBXBuildFile; fileRef = F6A5C2982B0B5CF000219105 /* Assets.xcassets */; };
		F6A5C29C2B0B5CF000219105 /* Preview Assets.xcassets in Resources */ = {isa = PBXBuildFile; fileRef = F6A5C29B2B0B5CF000219105 /* Preview Assets.xcassets */; };
/* End PBXBuildFile section */

/* Begin PBXFileReference section */
		3D3F1D55E75915B5EF91E436 /* Pods_SkifTest.framework */ = {isa = PBXFileReference; explicitFileType = wrapper.framework; includeInIndex = 0; path = Pods_SkifTest.framework; sourceTree = BUILT_PRODUCTS_DIR; };
		BAD65BE14A861CF7AA456726 /* Pods-SkifTest.release.xcconfig */ = {isa = PBXFileReference; includeInIndex = 1; lastKnownFileType = text.xcconfig; name = "Pods-SkifTest.release.xcconfig"; path = "Target Support Files/Pods-SkifTest/Pods-SkifTest.release.xcconfig"; sourceTree = "<group>"; };
		E67723D52717FE89CAB98A05 /* Pods-SkifTest.debug.xcconfig */ = {isa = PBXFileReference; includeInIndex = 1; lastKnownFileType = text.xcconfig; name = "Pods-SkifTest.debug.xcconfig"; path = "Target Support Files/Pods-SkifTest/Pods-SkifTest.debug.xcconfig"; sourceTree = "<group>"; };
		F62C88E22B0CCD8A0009535F /* DarkColorScheme.json */ = {isa = PBXFileReference; lastKnownFileType = text.json; path = DarkColorScheme.json; sourceTree = "<group>"; };
		F62C88E42B0CCE720009535F /* LightColorScheme.json */ = {isa = PBXFileReference; lastKnownFileType = text.json; path = LightColorScheme.json; sourceTree = "<group>"; };
		F62C88E62B0CFB880009535F /* MarkerDataModel.swift */ = {isa = PBXFileReference; lastKnownFileType = sourcecode.swift; path = MarkerDataModel.swift; sourceTree = "<group>"; };
		F64571F52B0B5E350027A208 /* ViewModel.swift */ = {isa = PBXFileReference; lastKnownFileType = sourcecode.swift; path = ViewModel.swift; sourceTree = "<group>"; };
		F64571F72B0B5E3F0027A208 /* Model.swift */ = {isa = PBXFileReference; lastKnownFileType = sourcecode.swift; path = Model.swift; sourceTree = "<group>"; };
		F64571F92B0B67A30027A208 /* GoogleMapsView.swift */ = {isa = PBXFileReference; lastKnownFileType = sourcecode.swift; path = GoogleMapsView.swift; sourceTree = "<group>"; };
		F64571FB2B0B70CB0027A208 /* BlurView.swift */ = {isa = PBXFileReference; lastKnownFileType = sourcecode.swift; path = BlurView.swift; sourceTree = "<group>"; };
		F6A5C2912B0B5CEE00219105 /* SkifTest.app */ = {isa = PBXFileReference; explicitFileType = wrapper.application; includeInIndex = 0; path = SkifTest.app; sourceTree = BUILT_PRODUCTS_DIR; };
		F6A5C2942B0B5CEE00219105 /* SkifTestApp.swift */ = {isa = PBXFileReference; lastKnownFileType = sourcecode.swift; path = SkifTestApp.swift; sourceTree = "<group>"; };
		F6A5C2962B0B5CEE00219105 /* ContentView.swift */ = {isa = PBXFileReference; lastKnownFileType = sourcecode.swift; path = ContentView.swift; sourceTree = "<group>"; };
		F6A5C2982B0B5CF000219105 /* Assets.xcassets */ = {isa = PBXFileReference; lastKnownFileType = folder.assetcatalog; path = Assets.xcassets; sourceTree = "<group>"; };
		F6A5C29B2B0B5CF000219105 /* Preview Assets.xcassets */ = {isa = PBXFileReference; lastKnownFileType = folder.assetcatalog; path = "Preview Assets.xcassets"; sourceTree = "<group>"; };
/* End PBXFileReference section */

/* Begin PBXFrameworksBuildPhase section */
		F6A5C28E2B0B5CEE00219105 /* Frameworks */ = {
			isa = PBXFrameworksBuildPhase;
			buildActionMask = 2147483647;
			files = (
				21C48042D7EB492856AD7699 /* Pods_SkifTest.framework in Frameworks */,
			);
			runOnlyForDeploymentPostprocessing = 0;
		};
/* End PBXFrameworksBuildPhase section */

/* Begin PBXGroup section */
		27472B97ED47E8B7280956DD /* Frameworks */ = {
			isa = PBXGroup;
			children = (
				3D3F1D55E75915B5EF91E436 /* Pods_SkifTest.framework */,
			);
			name = Frameworks;
			sourceTree = "<group>";
		};
		F43DCB353F2229FC43ABA0E1 /* Pods */ = {
			isa = PBXGroup;
			children = (
				E67723D52717FE89CAB98A05 /* Pods-SkifTest.debug.xcconfig */,
				BAD65BE14A861CF7AA456726 /* Pods-SkifTest.release.xcconfig */,
			);
			path = Pods;
			sourceTree = "<group>";
		};
		F6A5C2882B0B5CEE00219105 = {
			isa = PBXGroup;
			children = (
				F6A5C2932B0B5CEE00219105 /* SkifTest */,
				F6A5C2922B0B5CEE00219105 /* Products */,
				F43DCB353F2229FC43ABA0E1 /* Pods */,
				27472B97ED47E8B7280956DD /* Frameworks */,
			);
			sourceTree = "<group>";
		};
		F6A5C2922B0B5CEE00219105 /* Products */ = {
			isa = PBXGroup;
			children = (
				F6A5C2912B0B5CEE00219105 /* SkifTest.app */,
			);
			name = Products;
			sourceTree = "<group>";
		};
		F6A5C2932B0B5CEE00219105 /* SkifTest */ = {
			isa = PBXGroup;
			children = (
				F6A5C2942B0B5CEE00219105 /* SkifTestApp.swift */,
				F6A5C2962B0B5CEE00219105 /* ContentView.swift */,
				F64571F52B0B5E350027A208 /* ViewModel.swift */,
				F64571F72B0B5E3F0027A208 /* Model.swift */,
				F64571F92B0B67A30027A208 /* GoogleMapsView.swift */,
				F64571FB2B0B70CB0027A208 /* BlurView.swift */,
				F62C88E62B0CFB880009535F /* MarkerDataModel.swift */,
				F62C88E22B0CCD8A0009535F /* DarkColorScheme.json */,
				F62C88E42B0CCE720009535F /* LightColorScheme.json */,
				F6A5C2982B0B5CF000219105 /* Assets.xcassets */,
				F6A5C29A2B0B5CF000219105 /* Preview Content */,
			);
			path = SkifTest;
			sourceTree = "<group>";
		};
		F6A5C29A2B0B5CF000219105 /* Preview Content */ = {
			isa = PBXGroup;
			children = (
				F6A5C29B2B0B5CF000219105 /* Preview Assets.xcassets */,
			);
			path = "Preview Content";
			sourceTree = "<group>";
		};
/* End PBXGroup section */

/* Begin PBXNativeTarget section */
		F6A5C2902B0B5CEE00219105 /* SkifTest */ = {
			isa = PBXNativeTarget;
			buildConfigurationList = F6A5C29F2B0B5CF000219105 /* Build configuration list for PBXNativeTarget "SkifTest" */;
			buildPhases = (
				AEEB2D3B28E93645756C0F8A /* [CP] Check Pods Manifest.lock */,
				F6A5C28D2B0B5CEE00219105 /* Sources */,
				F6A5C28E2B0B5CEE00219105 /* Frameworks */,
				F6A5C28F2B0B5CEE00219105 /* Resources */,
				F87657AEC0DB2725D3734447 /* [CP] Copy Pods Resources */,
			);
			buildRules = (
			);
			dependencies = (
			);
			name = SkifTest;
			productName = SkifTest;
			productReference = F6A5C2912B0B5CEE00219105 /* SkifTest.app */;
			productType = "com.apple.product-type.application";
		};
/* End PBXNativeTarget section */

/* Begin PBXProject section */
		F6A5C2892B0B5CEE00219105 /* Project object */ = {
			isa = PBXProject;
			attributes = {
				BuildIndependentTargetsInParallel = 1;
				LastSwiftUpdateCheck = 1500;
				LastUpgradeCheck = 1500;
				TargetAttributes = {
					F6A5C2902B0B5CEE00219105 = {
						CreatedOnToolsVersion = 15.0.1;
					};
				};
			};
			buildConfigurationList = F6A5C28C2B0B5CEE00219105 /* Build configuration list for PBXProject "SkifTest" */;
			compatibilityVersion = "Xcode 14.0";
			developmentRegion = en;
			hasScannedForEncodings = 0;
			knownRegions = (
				en,
				Base,
			);
			mainGroup = F6A5C2882B0B5CEE00219105;
			productRefGroup = F6A5C2922B0B5CEE00219105 /* Products */;
			projectDirPath = "";
			projectRoot = "";
			targets = (
				F6A5C2902B0B5CEE00219105 /* SkifTest */,
			);
		};
/* End PBXProject section */

/* Begin PBXResourcesBuildPhase section */
		F6A5C28F2B0B5CEE00219105 /* Resources */ = {
			isa = PBXResourcesBuildPhase;
			buildActionMask = 2147483647;
			files = (
				F6A5C29C2B0B5CF000219105 /* Preview Assets.xcassets in Resources */,
				F62C88E52B0CCE880009535F /* LightColorScheme.json in Resources */,
				F6A5C2992B0B5CF000219105 /* Assets.xcassets in Resources */,
				F62C88E32B0CCE530009535F /* DarkColorScheme.json in Resources */,
			);
			runOnlyForDeploymentPostprocessing = 0;
		};
/* End PBXResourcesBuildPhase section */

/* Begin PBXShellScriptBuildPhase section */
		AEEB2D3B28E93645756C0F8A /* [CP] Check Pods Manifest.lock */ = {
			isa = PBXShellScriptBuildPhase;
			buildActionMask = 2147483647;
			files = (
			);
			inputFileListPaths = (
			);
			inputPaths = (
				"${PODS_PODFILE_DIR_PATH}/Podfile.lock",
				"${PODS_ROOT}/Manifest.lock",
			);
			name = "[CP] Check Pods Manifest.lock";
			outputFileListPaths = (
			);
			outputPaths = (
				"$(DERIVED_FILE_DIR)/Pods-SkifTest-checkManifestLockResult.txt",
			);
			runOnlyForDeploymentPostprocessing = 0;
			shellPath = /bin/sh;
			shellScript = "diff \"${PODS_PODFILE_DIR_PATH}/Podfile.lock\" \"${PODS_ROOT}/Manifest.lock\" > /dev/null\nif [ $? != 0 ] ; then\n    # print error to STDERR\n    echo \"error: The sandbox is not in sync with the Podfile.lock. Run 'pod install' or update your CocoaPods installation.\" >&2\n    exit 1\nfi\n# This output is used by Xcode 'outputs' to avoid re-running this script phase.\necho \"SUCCESS\" > \"${SCRIPT_OUTPUT_FILE_0}\"\n";
			showEnvVarsInLog = 0;
		};
		F87657AEC0DB2725D3734447 /* [CP] Copy Pods Resources */ = {
			isa = PBXShellScriptBuildPhase;
			buildActionMask = 2147483647;
			files = (
			);
			inputFileListPaths = (
				"${PODS_ROOT}/Target Support Files/Pods-SkifTest/Pods-SkifTest-resources-${CONFIGURATION}-input-files.xcfilelist",
			);
			name = "[CP] Copy Pods Resources";
			outputFileListPaths = (
				"${PODS_ROOT}/Target Support Files/Pods-SkifTest/Pods-SkifTest-resources-${CONFIGURATION}-output-files.xcfilelist",
			);
			runOnlyForDeploymentPostprocessing = 0;
			shellPath = /bin/sh;
			shellScript = "\"${PODS_ROOT}/Target Support Files/Pods-SkifTest/Pods-SkifTest-resources.sh\"\n";
			showEnvVarsInLog = 0;
		};
/* End PBXShellScriptBuildPhase section */

/* Begin PBXSourcesBuildPhase section */
		F6A5C28D2B0B5CEE00219105 /* Sources */ = {
			isa = PBXSourcesBuildPhase;
			buildActionMask = 2147483647;
			files = (
				F62C88E72B0CFB880009535F /* MarkerDataModel.swift in Sources */,
				F6A5C2972B0B5CEE00219105 /* ContentView.swift in Sources */,
				F64571F62B0B5E350027A208 /* ViewModel.swift in Sources */,
				F64571FA2B0B67A30027A208 /* GoogleMapsView.swift in Sources */,
				F6A5C2952B0B5CEE00219105 /* SkifTestApp.swift in Sources */,
				F64571F82B0B5E3F0027A208 /* Model.swift in Sources */,
				F64571FC2B0B70CB0027A208 /* BlurView.swift in Sources */,
			);
			runOnlyForDeploymentPostprocessing = 0;
		};
/* End PBXSourcesBuildPhase section */

/* Begin XCBuildConfiguration section */
		F6A5C29D2B0B5CF000219105 /* Debug */ = {
			isa = XCBuildConfiguration;
			buildSettings = {
				ALWAYS_SEARCH_USER_PATHS = NO;
				ASSETCATALOG_COMPILER_GENERATE_SWIFT_ASSET_SYMBOL_EXTENSIONS = YES;
				CLANG_ANALYZER_NONNULL = YES;
				CLANG_ANALYZER_NUMBER_OBJECT_CONVERSION = YES_AGGRESSIVE;
				CLANG_CXX_LANGUAGE_STANDARD = "gnu++20";
				CLANG_ENABLE_MODULES = YES;
				CLANG_ENABLE_OBJC_ARC = YES;
				CLANG_ENABLE_OBJC_WEAK = YES;
				CLANG_WARN_BLOCK_CAPTURE_AUTORELEASING = YES;
				CLANG_WARN_BOOL_CONVERSION = YES;
				CLANG_WARN_COMMA = YES;
				CLANG_WARN_CONSTANT_CONVERSION = YES;
				CLANG_WARN_DEPRECATED_OBJC_IMPLEMENTATIONS = YES;
				CLANG_WARN_DIRECT_OBJC_ISA_USAGE = YES_ERROR;
				CLANG_WARN_DOCUMENTATION_COMMENTS = YES;
				CLANG_WARN_EMPTY_BODY = YES;
				CLANG_WARN_ENUM_CONVERSION = YES;
				CLANG_WARN_INFINITE_RECURSION = YES;
				CLANG_WARN_INT_CONVERSION = YES;
				CLANG_WARN_NON_LITERAL_NULL_CONVERSION = YES;
				CLANG_WARN_OBJC_IMPLICIT_RETAIN_SELF = YES;
				CLANG_WARN_OBJC_LITERAL_CONVERSION = YES;
				CLANG_WARN_OBJC_ROOT_CLASS = YES_ERROR;
				CLANG_WARN_QUOTED_INCLUDE_IN_FRAMEWORK_HEADER = YES;
				CLANG_WARN_RANGE_LOOP_ANALYSIS = YES;
				CLANG_WARN_STRICT_PROTOTYPES = YES;
				CLANG_WARN_SUSPICIOUS_MOVE = YES;
				CLANG_WARN_UNGUARDED_AVAILABILITY = YES_AGGRESSIVE;
				CLANG_WARN_UNREACHABLE_CODE = YES;
				CLANG_WARN__DUPLICATE_METHOD_MATCH = YES;
				COPY_PHASE_STRIP = NO;
				DEBUG_INFORMATION_FORMAT = dwarf;
				ENABLE_STRICT_OBJC_MSGSEND = YES;
				ENABLE_TESTABILITY = YES;
				ENABLE_USER_SCRIPT_SANDBOXING = NO;
				GCC_C_LANGUAGE_STANDARD = gnu17;
				GCC_DYNAMIC_NO_PIC = NO;
				GCC_NO_COMMON_BLOCKS = YES;
				GCC_OPTIMIZATION_LEVEL = 0;
				GCC_PREPROCESSOR_DEFINITIONS = (
					"DEBUG=1",
					"$(inherited)",
				);
				GCC_WARN_64_TO_32_BIT_CONVERSION = YES;
				GCC_WARN_ABOUT_RETURN_TYPE = YES_ERROR;
				GCC_WARN_UNDECLARED_SELECTOR = YES;
				GCC_WARN_UNINITIALIZED_AUTOS = YES_AGGRESSIVE;
				GCC_WARN_UNUSED_FUNCTION = YES;
				GCC_WARN_UNUSED_VARIABLE = YES;
				IPHONEOS_DEPLOYMENT_TARGET = 14.0;
				LOCALIZATION_PREFERS_STRING_CATALOGS = YES;
				MTL_ENABLE_DEBUG_INFO = INCLUDE_SOURCE;
				MTL_FAST_MATH = YES;
				ONLY_ACTIVE_ARCH = YES;
				SDKROOT = iphoneos;
				SWIFT_ACTIVE_COMPILATION_CONDITIONS = "DEBUG $(inherited)";
				SWIFT_OPTIMIZATION_LEVEL = "-Onone";
			};
			name = Debug;
		};
		F6A5C29E2B0B5CF000219105 /* Release */ = {
			isa = XCBuildConfiguration;
			buildSettings = {
				ALWAYS_SEARCH_USER_PATHS = NO;
				ASSETCATALOG_COMPILER_GENERATE_SWIFT_ASSET_SYMBOL_EXTENSIONS = YES;
				CLANG_ANALYZER_NONNULL = YES;
				CLANG_ANALYZER_NUMBER_OBJECT_CONVERSION = YES_AGGRESSIVE;
				CLANG_CXX_LANGUAGE_STANDARD = "gnu++20";
				CLANG_ENABLE_MODULES = YES;
				CLANG_ENABLE_OBJC_ARC = YES;
				CLANG_ENABLE_OBJC_WEAK = YES;
				CLANG_WARN_BLOCK_CAPTURE_AUTORELEASING = YES;
				CLANG_WARN_BOOL_CONVERSION = YES;
				CLANG_WARN_COMMA = YES;
				CLANG_WARN_CONSTANT_CONVERSION = YES;
				CLANG_WARN_DEPRECATED_OBJC_IMPLEMENTATIONS = YES;
				CLANG_WARN_DIRECT_OBJC_ISA_USAGE = YES_ERROR;
				CLANG_WARN_DOCUMENTATION_COMMENTS = YES;
				CLANG_WARN_EMPTY_BODY = YES;
				CLANG_WARN_ENUM_CONVERSION = YES;
				CLANG_WARN_INFINITE_RECURSION = YES;
				CLANG_WARN_INT_CONVERSION = YES;
				CLANG_WARN_NON_LITERAL_NULL_CONVERSION = YES;
				CLANG_WARN_OBJC_IMPLICIT_RETAIN_SELF = YES;
				CLANG_WARN_OBJC_LITERAL_CONVERSION = YES;
				CLANG_WARN_OBJC_ROOT_CLASS = YES_ERROR;
				CLANG_WARN_QUOTED_INCLUDE_IN_FRAMEWORK_HEADER = YES;
				CLANG_WARN_RANGE_LOOP_ANALYSIS = YES;
				CLANG_WARN_STRICT_PROTOTYPES = YES;
				CLANG_WARN_SUSPICIOUS_MOVE = YES;
				CLANG_WARN_UNGUARDED_AVAILABILITY = YES_AGGRESSIVE;
				CLANG_WARN_UNREACHABLE_CODE = YES;
				CLANG_WARN__DUPLICATE_METHOD_MATCH = YES;
				COPY_PHASE_STRIP = NO;
				DEBUG_INFORMATION_FORMAT = "dwarf-with-dsym";
				ENABLE_NS_ASSERTIONS = NO;
				ENABLE_STRICT_OBJC_MSGSEND = YES;
				ENABLE_USER_SCRIPT_SANDBOXING = NO;
				GCC_C_LANGUAGE_STANDARD = gnu17;
				GCC_NO_COMMON_BLOCKS = YES;
				GCC_WARN_64_TO_32_BIT_CONVERSION = YES;
				GCC_WARN_ABOUT_RETURN_TYPE = YES_ERROR;
				GCC_WARN_UNDECLARED_SELECTOR = YES;
				GCC_WARN_UNINITIALIZED_AUTOS = YES_AGGRESSIVE;
				GCC_WARN_UNUSED_FUNCTION = YES;
				GCC_WARN_UNUSED_VARIABLE = YES;
				IPHONEOS_DEPLOYMENT_TARGET = 14.0;
				LOCALIZATION_PREFERS_STRING_CATALOGS = YES;
				MTL_ENABLE_DEBUG_INFO = NO;
				MTL_FAST_MATH = YES;
				SDKROOT = iphoneos;
				SWIFT_COMPILATION_MODE = wholemodule;
				VALIDATE_PRODUCT = YES;
			};
			name = Release;
		};
		F6A5C2A02B0B5CF000219105 /* Debug */ = {
			isa = XCBuildConfiguration;
			baseConfigurationReference = E67723D52717FE89CAB98A05 /* Pods-SkifTest.debug.xcconfig */;
			buildSettings = {
				ASSETCATALOG_COMPILER_APPICON_NAME = AppIcon;
				ASSETCATALOG_COMPILER_GLOBAL_ACCENT_COLOR_NAME = AccentColor;
				CODE_SIGN_STYLE = Automatic;
				CURRENT_PROJECT_VERSION = 1;
				DEVELOPMENT_ASSET_PATHS = "\"SkifTest/Preview Content\"";
				DEVELOPMENT_TEAM = 5374B32457;
				ENABLE_PREVIEWS = YES;
				ENABLE_USER_SCRIPT_SANDBOXING = NO;
				GENERATE_INFOPLIST_FILE = YES;
				INFOPLIST_KEY_UIApplicationSceneManifest_Generation = YES;
				INFOPLIST_KEY_UIApplicationSupportsIndirectInputEvents = YES;
				INFOPLIST_KEY_UILaunchScreen_Generation = YES;
				INFOPLIST_KEY_UISupportedInterfaceOrientations = UIInterfaceOrientationPortrait;
				INFOPLIST_KEY_UISupportedInterfaceOrientations_iPad = "UIInterfaceOrientationLandscapeLeft UIInterfaceOrientationLandscapeRight UIInterfaceOrientationPortrait UIInterfaceOrientationPortraitUpsideDown";
				IPHONEOS_DEPLOYMENT_TARGET = 14.0;
				LD_RUNPATH_SEARCH_PATHS = (
					"$(inherited)",
					"@executable_path/Frameworks",
				);
				MARKETING_VERSION = 1.0;
				PRODUCT_BUNDLE_IDENTIFIER = vdc.SkifTest;
				PRODUCT_NAME = "$(TARGET_NAME)";
				SWIFT_EMIT_LOC_STRINGS = YES;
				SWIFT_VERSION = 5.0;
				TARGETED_DEVICE_FAMILY = "1,2";
			};
			name = Debug;
		};
		F6A5C2A12B0B5CF000219105 /* Release */ = {
			isa = XCBuildConfiguration;
			baseConfigurationReference = BAD65BE14A861CF7AA456726 /* Pods-SkifTest.release.xcconfig */;
			buildSettings = {
				ASSETCATALOG_COMPILER_APPICON_NAME = AppIcon;
				ASSETCATALOG_COMPILER_GLOBAL_ACCENT_COLOR_NAME = AccentColor;
				CODE_SIGN_STYLE = Automatic;
				CURRENT_PROJECT_VERSION = 1;
				DEVELOPMENT_ASSET_PATHS = "\"SkifTest/Preview Content\"";
				DEVELOPMENT_TEAM = 5374B32457;
				ENABLE_PREVIEWS = YES;
				ENABLE_USER_SCRIPT_SANDBOXING = NO;
				GENERATE_INFOPLIST_FILE = YES;
				INFOPLIST_KEY_UIApplicationSceneManifest_Generation = YES;
				INFOPLIST_KEY_UIApplicationSupportsIndirectInputEvents = YES;
				INFOPLIST_KEY_UILaunchScreen_Generation = YES;
				INFOPLIST_KEY_UISupportedInterfaceOrientations = UIInterfaceOrientationPortrait;
				INFOPLIST_KEY_UISupportedInterfaceOrientations_iPad = "UIInterfaceOrientationLandscapeLeft UIInterfaceOrientationLandscapeRight UIInterfaceOrientationPortrait UIInterfaceOrientationPortraitUpsideDown";
				IPHONEOS_DEPLOYMENT_TARGET = 14.0;
				LD_RUNPATH_SEARCH_PATHS = (
					"$(inherited)",
					"@executable_path/Frameworks",
				);
				MARKETING_VERSION = 1.0;
				PRODUCT_BUNDLE_IDENTIFIER = vdc.SkifTest;
				PRODUCT_NAME = "$(TARGET_NAME)";
				SWIFT_EMIT_LOC_STRINGS = YES;
				SWIFT_VERSION = 5.0;
				TARGETED_DEVICE_FAMILY = "1,2";
			};
			name = Release;
		};
/* End XCBuildConfiguration section */

/* Begin XCConfigurationList section */
		F6A5C28C2B0B5CEE00219105 /* Build configuration list for PBXProject "SkifTest" */ = {
			isa = XCConfigurationList;
			buildConfigurations = (
				F6A5C29D2B0B5CF000219105 /* Debug */,
				F6A5C29E2B0B5CF000219105 /* Release */,
			);
			defaultConfigurationIsVisible = 0;
			defaultConfigurationName = Release;
		};
		F6A5C29F2B0B5CF000219105 /* Build configuration list for PBXNativeTarget "SkifTest" */ = {
			isa = XCConfigurationList;
			buildConfigurations = (
				F6A5C2A02B0B5CF000219105 /* Debug */,
				F6A5C2A12B0B5CF000219105 /* Release */,
			);
			defaultConfigurationIsVisible = 0;
			defaultConfigurationName = Release;
		};
/* End XCConfigurationList section */
	};
	rootObject = F6A5C2892B0B5CEE00219105 /* Project object */;
}
